
Microsoft Visual Studio Solution File, Format Version 12.00
# Visual Studio Version 17
VisualStudioVersion = 17.4.33122.133
MinimumVisualStudioVersion = 10.0.40219.1
Project("{9A19103F-16F7-4668-BE54-9A1E7A4F7556}") = "WJLThoughts", "WJLThoughts\WJLThoughts.csproj", "{83F00633-8143-453A-A574-DB1B12D3F9A7}"
EndProject
Project("{2150E333-8FDC-42A3-9474-1A3956D46DE8}") = "WJLThoughts.Media", "WJLThoughts.Media", "{FBDCB7B2-94DA-4708-A4C8-1A7B1A817B16}"
EndProject
Project("{9A19103F-16F7-4668-BE54-9A1E7A4F7556}") = "WJLThoughts.Updater", "WJLThoughts.Updater\WJLThoughts.Updater.csproj", "{AA9BD5DA-EB93-4D00-871A-50C8F67AE8B0}"
EndProject
Project("{9A19103F-16F7-4668-BE54-9A1E7A4F7556}") = "WJLThoughts.Entity", "WJLThoughts.Entity\WJLThoughts.Entity.csproj", "{223FBE78-FCE3-4D87-A548-FDC2EABD7685}"
EndProject
Project("{9A19103F-16F7-4668-BE54-9A1E7A4F7556}") = "WJLThoughts.BLL", "WJLThoughts.BLL\WJLThoughts.BLL.csproj", "{9800EEB5-A97F-4E9C-873F-C7079B2525AC}"
EndProject
Project("{9A19103F-16F7-4668-BE54-9A1E7A4F7556}") = "WJLThoughts.DAL", "WJLThoughts.DAL\WJLThoughts.DAL.csproj", "{93A8CBBB-6FAA-4369-B2A2-076EB1DC896F}"
EndProject
Project("{2150E333-8FDC-42A3-9474-1A3956D46DE8}") = "WJLThoughts.Server", "WJLThoughts.Server", "{BA9D2833-E331-43DB-8587-CD45F835264E}"
EndProject
Project("{2150E333-8FDC-42A3-9474-1A3956D46DE8}") = "WJLThoughts.Common", "WJLThoughts.Common", "{E0DF8E3F-A35B-4981-A282-DD2D389BD3FE}"
EndProject
Project("{9A19103F-16F7-4668-BE54-9A1E7A4F7556}") = "WJLThoughts.Common.Core", "WJLThoughts.Common\WJLThoughts.Common.Core\WJLThoughts.Common.Core.csproj", "{CF6110B0-0623-43D0-B36F-8851EA6B8D36}"
EndProject
Project("{9A19103F-16F7-4668-BE54-9A1E7A4F7556}") = "WJLThoughts.Common.Win", "WJLThoughts.Common\WJLThoughts.Common.Win\WJLThoughts.Common.Win.csproj", "{1C41393A-90B4-4B7D-BC07-28C87F214B39}"
EndProject
Project("{9A19103F-16F7-4668-BE54-9A1E7A4F7556}") = "WJLThoughts.Common.WPF", "WJLThoughts.Common\WJLThoughts.Common.WPF\WJLThoughts.Common.WPF.csproj", "{5E2DE086-AF2E-4B40-9EF7-9B95F3D41590}"
EndProject
Project("{9A19103F-16F7-4668-BE54-9A1E7A4F7556}") = "WJLThoughts.Common.Winform", "WJLThoughts.Common\WJLThoughts.Common.Winform\WJLThoughts.Common.Winform.csproj", "{EB2A38FF-539E-4965-B9AF-4871CB79575E}"
EndProject
Project("{9A19103F-16F7-4668-BE54-9A1E7A4F7556}") = "WJLThoughts.Media.Audio", "WJLThoughts.Media\WJLThoughts.Media.Audio\WJLThoughts.Media.Audio.csproj", "{6F3E87BC-E8EE-4320-A611-D8C063CB323F}"
EndProject
Project("{9A19103F-16F7-4668-BE54-9A1E7A4F7556}") = "WJLThoughts.Media.Video", "WJLThoughts.Media\WJLThoughts.Media.Video\WJLThoughts.Media.Video.csproj", "{3B7E3700-3A0A-48C9-B6B8-16D03876DF15}"
EndProject
Project("{9A19103F-16F7-4668-BE54-9A1E7A4F7556}") = "WJLThoughts.Server.DAL", "WJLThoughts.Server\WJLThoughts.Server.DAL\WJLThoughts.Server.DAL.csproj", "{4BBABCBD-321C-4BB9-8896-FF416378BD9E}"
EndProject
Project("{9A19103F-16F7-4668-BE54-9A1E7A4F7556}") = "WJLThoughts.Server.Start", "WJLThoughts.Server\WJLThoughts.Server.Start\WJLThoughts.Server.Start.csproj", "{BD9A1B5A-0F47-4353-850C-1A5A57D794D2}"
EndProject
Project("{2150E333-8FDC-42A3-9474-1A3956D46DE8}") = "WJLThoughts.HardwareDevice", "WJLThoughts.HardwareDevice", "{03FB7F3C-81FA-4E16-BC3D-8F4A881D0C18}"
EndProject
Project("{FAE04EC0-301F-11D3-BF4B-00C04F79EFBC}") = "WJLThoughts.HardwareDevice.Camera", "WJLThoughts.HardwareDevice\WJLThoughts.HardwareDevice.Camera\WJLThoughts.HardwareDevice.Camera.csproj", "{CDE61D8A-2126-4F21-9A37-A267661B8010}"
EndProject
Project("{FAE04EC0-301F-11D3-BF4B-00C04F79EFBC}") = "WJLThoughts.HardwareDevice.PLC", "WJLThoughts.HardwareDevice\WJLThoughts.HardwareDevice.PLC\WJLThoughts.HardwareDevice.PLC.csproj", "{0958D0ED-49AA-4623-9A4C-95F5C25AEE10}"
EndProject
Global
	GlobalSection(SolutionConfigurationPlatforms) = preSolution
		Debug|Any CPU = Debug|Any CPU
		Release|Any CPU = Release|Any CPU
	EndGlobalSection
	GlobalSection(ProjectConfigurationPlatforms) = postSolution
		{83F00633-8143-453A-A574-DB1B12D3F9A7}.Debug|Any CPU.ActiveCfg = Debug|Any CPU
		{83F00633-8143-453A-A574-DB1B12D3F9A7}.Debug|Any CPU.Build.0 = Debug|Any CPU
		{83F00633-8143-453A-A574-DB1B12D3F9A7}.Release|Any CPU.ActiveCfg = Release|Any CPU
		{83F00633-8143-453A-A574-DB1B12D3F9A7}.Release|Any CPU.Build.0 = Release|Any CPU
		{AA9BD5DA-EB93-4D00-871A-50C8F67AE8B0}.Debug|Any CPU.ActiveCfg = Debug|Any CPU
		{AA9BD5DA-EB93-4D00-871A-50C8F67AE8B0}.Debug|Any CPU.Build.0 = Debug|Any CPU
		{AA9BD5DA-EB93-4D00-871A-50C8F67AE8B0}.Release|Any CPU.ActiveCfg = Release|Any CPU
		{AA9BD5DA-EB93-4D00-871A-50C8F67AE8B0}.Release|Any CPU.Build.0 = Release|Any CPU
		{223FBE78-FCE3-4D87-A548-FDC2EABD7685}.Debug|Any CPU.ActiveCfg = Debug|Any CPU
		{223FBE78-FCE3-4D87-A548-FDC2EABD7685}.Debug|Any CPU.Build.0 = Debug|Any CPU
		{223FBE78-FCE3-4D87-A548-FDC2EABD7685}.Release|Any CPU.ActiveCfg = Release|Any CPU
		{223FBE78-FCE3-4D87-A548-FDC2EABD7685}.Release|Any CPU.Build.0 = Release|Any CPU
		{9800EEB5-A97F-4E9C-873F-C7079B2525AC}.Debug|Any CPU.ActiveCfg = Debug|Any CPU
		{9800EEB5-A97F-4E9C-873F-C7079B2525AC}.Debug|Any CPU.Build.0 = Debug|Any CPU
		{9800EEB5-A97F-4E9C-873F-C7079B2525AC}.Release|Any CPU.ActiveCfg = Release|Any CPU
		{9800EEB5-A97F-4E9C-873F-C7079B2525AC}.Release|Any CPU.Build.0 = Release|Any CPU
		{93A8CBBB-6FAA-4369-B2A2-076EB1DC896F}.Debug|Any CPU.ActiveCfg = Debug|Any CPU
		{93A8CBBB-6FAA-4369-B2A2-076EB1DC896F}.Debug|Any CPU.Build.0 = Debug|Any CPU
		{93A8CBBB-6FAA-4369-B2A2-076EB1DC896F}.Release|Any CPU.ActiveCfg = Release|Any CPU
		{93A8CBBB-6FAA-4369-B2A2-076EB1DC896F}.Release|Any CPU.Build.0 = Release|Any CPU
		{CF6110B0-0623-43D0-B36F-8851EA6B8D36}.Debug|Any CPU.ActiveCfg = Debug|Any CPU
		{CF6110B0-0623-43D0-B36F-8851EA6B8D36}.Debug|Any CPU.Build.0 = Debug|Any CPU
		{CF6110B0-0623-43D0-B36F-8851EA6B8D36}.Release|Any CPU.ActiveCfg = Release|Any CPU
		{CF6110B0-0623-43D0-B36F-8851EA6B8D36}.Release|Any CPU.Build.0 = Release|Any CPU
		{1C41393A-90B4-4B7D-BC07-28C87F214B39}.Debug|Any CPU.ActiveCfg = Debug|Any CPU
		{1C41393A-90B4-4B7D-BC07-28C87F214B39}.Debug|Any CPU.Build.0 = Debug|Any CPU
		{1C41393A-90B4-4B7D-BC07-28C87F214B39}.Release|Any CPU.ActiveCfg = Release|Any CPU
		{1C41393A-90B4-4B7D-BC07-28C87F214B39}.Release|Any CPU.Build.0 = Release|Any CPU
		{5E2DE086-AF2E-4B40-9EF7-9B95F3D41590}.Debug|Any CPU.ActiveCfg = Debug|Any CPU
		{5E2DE086-AF2E-4B40-9EF7-9B95F3D41590}.Debug|Any CPU.Build.0 = Debug|Any CPU
		{5E2DE086-AF2E-4B40-9EF7-9B95F3D41590}.Release|Any CPU.ActiveCfg = Release|Any CPU
		{5E2DE086-AF2E-4B40-9EF7-9B95F3D41590}.Release|Any CPU.Build.0 = Release|Any CPU
		{EB2A38FF-539E-4965-B9AF-4871CB79575E}.Debug|Any CPU.ActiveCfg = Debug|Any CPU
		{EB2A38FF-539E-4965-B9AF-4871CB79575E}.Debug|Any CPU.Build.0 = Debug|Any CPU
		{EB2A38FF-539E-4965-B9AF-4871CB79575E}.Release|Any CPU.ActiveCfg = Release|Any CPU
		{EB2A38FF-539E-4965-B9AF-4871CB79575E}.Release|Any CPU.Build.0 = Release|Any CPU
		{6F3E87BC-E8EE-4320-A611-D8C063CB323F}.Debug|Any CPU.ActiveCfg = Debug|Any CPU
		{6F3E87BC-E8EE-4320-A611-D8C063CB323F}.Debug|Any CPU.Build.0 = Debug|Any CPU
		{6F3E87BC-E8EE-4320-A611-D8C063CB323F}.Release|Any CPU.ActiveCfg = Release|Any CPU
		{6F3E87BC-E8EE-4320-A611-D8C063CB323F}.Release|Any CPU.Build.0 = Release|Any CPU
		{3B7E3700-3A0A-48C9-B6B8-16D03876DF15}.Debug|Any CPU.ActiveCfg = Debug|Any CPU
		{3B7E3700-3A0A-48C9-B6B8-16D03876DF15}.Debug|Any CPU.Build.0 = Debug|Any CPU
		{3B7E3700-3A0A-48C9-B6B8-16D03876DF15}.Release|Any CPU.ActiveCfg = Release|Any CPU
		{3B7E3700-3A0A-48C9-B6B8-16D03876DF15}.Release|Any CPU.Build.0 = Release|Any CPU
		{4BBABCBD-321C-4BB9-8896-FF416378BD9E}.Debug|Any CPU.ActiveCfg = Debug|Any CPU
		{4BBABCBD-321C-4BB9-8896-FF416378BD9E}.Debug|Any CPU.Build.0 = Debug|Any CPU
		{4BBABCBD-321C-4BB9-8896-FF416378BD9E}.Release|Any CPU.ActiveCfg = Release|Any CPU
		{4BBABCBD-321C-4BB9-8896-FF416378BD9E}.Release|Any CPU.Build.0 = Release|Any CPU
		{BD9A1B5A-0F47-4353-850C-1A5A57D794D2}.Debug|Any CPU.ActiveCfg = Debug|Any CPU
		{BD9A1B5A-0F47-4353-850C-1A5A57D794D2}.Debug|Any CPU.Build.0 = Debug|Any CPU
		{BD9A1B5A-0F47-4353-850C-1A5A57D794D2}.Release|Any CPU.ActiveCfg = Release|Any CPU
		{BD9A1B5A-0F47-4353-850C-1A5A57D794D2}.Release|Any CPU.Build.0 = Release|Any CPU
		{CDE61D8A-2126-4F21-9A37-A267661B8010}.Debug|Any CPU.ActiveCfg = Debug|Any CPU
		{CDE61D8A-2126-4F21-9A37-A267661B8010}.Debug|Any CPU.Build.0 = Debug|Any CPU
		{CDE61D8A-2126-4F21-9A37-A267661B8010}.Release|Any CPU.ActiveCfg = Release|Any CPU
		{CDE61D8A-2126-4F21-9A37-A267661B8010}.Release|Any CPU.Build.0 = Release|Any CPU
		{0958D0ED-49AA-4623-9A4C-95F5C25AEE10}.Debug|Any CPU.ActiveCfg = Debug|Any CPU
		{0958D0ED-49AA-4623-9A4C-95F5C25AEE10}.Debug|Any CPU.Build.0 = Debug|Any CPU
		{0958D0ED-49AA-4623-9A4C-95F5C25AEE10}.Release|Any CPU.ActiveCfg = Release|Any CPU
		{0958D0ED-49AA-4623-9A4C-95F5C25AEE10}.Release|Any CPU.Build.0 = Release|Any CPU
	EndGlobalSection
	GlobalSection(SolutionProperties) = preSolution
		HideSolutionNode = FALSE
	EndGlobalSection
	GlobalSection(NestedProjects) = preSolution
		{CF6110B0-0623-43D0-B36F-8851EA6B8D36} = {E0DF8E3F-A35B-4981-A282-DD2D389BD3FE}
		{1C41393A-90B4-4B7D-BC07-28C87F214B39} = {E0DF8E3F-A35B-4981-A282-DD2D389BD3FE}
		{5E2DE086-AF2E-4B40-9EF7-9B95F3D41590} = {E0DF8E3F-A35B-4981-A282-DD2D389BD3FE}
		{EB2A38FF-539E-4965-B9AF-4871CB79575E} = {E0DF8E3F-A35B-4981-A282-DD2D389BD3FE}
		{6F3E87BC-E8EE-4320-A611-D8C063CB323F} = {FBDCB7B2-94DA-4708-A4C8-1A7B1A817B16}
		{3B7E3700-3A0A-48C9-B6B8-16D03876DF15} = {FBDCB7B2-94DA-4708-A4C8-1A7B1A817B16}
		{4BBABCBD-321C-4BB9-8896-FF416378BD9E} = {BA9D2833-E331-43DB-8587-CD45F835264E}
		{BD9A1B5A-0F47-4353-850C-1A5A57D794D2} = {BA9D2833-E331-43DB-8587-CD45F835264E}
		{CDE61D8A-2126-4F21-9A37-A267661B8010} = {03FB7F3C-81FA-4E16-BC3D-8F4A881D0C18}
		{0958D0ED-49AA-4623-9A4C-95F5C25AEE10} = {03FB7F3C-81FA-4E16-BC3D-8F4A881D0C18}
	EndGlobalSection
	GlobalSection(ExtensibilityGlobals) = postSolution
		SolutionGuid = {71FB6F05-6151-47F6-9CCD-7687AFAAD5F0}
	EndGlobalSection
EndGlobal
