
Microsoft Visual Studio Solution File, Format Version 12.00
# Visual Studio Version 16
VisualStudioVersion = 16.0.30011.22
MinimumVisualStudioVersion = 10.0.40219.1
Project("{9A19103F-16F7-4668-BE54-9A1E7A4F7556}") = "WJLThoughs", "WJLThoughs\WJLThoughs.csproj", "{83F00633-8143-453A-A574-DB1B12D3F9A7}"
EndProject
Project("{FAE04EC0-301F-11D3-BF4B-00C04F79EFBC}") = "WJLThoughs.WinApi", "WJLThoughs.Win32\WJLThoughs.WinApi.csproj", "{B07E10F3-5D2E-4730-9FD8-D9E91CEEDCB4}"
EndProject
Project("{FAE04EC0-301F-11D3-BF4B-00C04F79EFBC}") = "WJLThoughs.CustomControlLibrary", "WJLThoughs.CustomControlLibrary\WJLThoughs.CustomControlLibrary.csproj", "{148F3943-E97C-41DD-9E31-572CBEED907A}"
EndProject
Project("{FAE04EC0-301F-11D3-BF4B-00C04F79EFBC}") = "WJLThoughs.UserControlLibrary", "WJLThoughs.UserControlLibrary\WJLThoughs.UserControlLibrary.csproj", "{1FED8C43-F373-47DB-8CC4-358B5D661D0C}"
EndProject
Project("{2150E333-8FDC-42A3-9474-1A3956D46DE8}") = "WJLThoughs.MediaPlayer", "WJLThoughs.MediaPlayer", "{FBDCB7B2-94DA-4708-A4C8-1A7B1A817B16}"
EndProject
Project("{FAE04EC0-301F-11D3-BF4B-00C04F79EFBC}") = "WJLThoughs.Audio", "WJLThoughs.Audio\WJLThoughs.Audio.csproj", "{3822B483-EAA0-487E-AD53-4E881BDDE711}"
EndProject
Project("{FAE04EC0-301F-11D3-BF4B-00C04F79EFBC}") = "WJLThoughs.Video", "WJLThoughs.Video\WJLThoughs.Video.csproj", "{241B6E55-6464-4746-905B-B9EA65B061B0}"
EndProject
Project("{FAE04EC0-301F-11D3-BF4B-00C04F79EFBC}") = "WJLThoughs.Logger", "WJLThoughs.Logger\WJLThoughs.Logger.csproj", "{85055E4E-2F65-420E-8B86-1DBE4DDF88CA}"
EndProject
Project("{FAE04EC0-301F-11D3-BF4B-00C04F79EFBC}") = "WJLThoughs.NetWork", "WJLThoughs.NetWork\WJLThoughs.NetWork.csproj", "{413194BF-38A6-4165-A004-7808DC745AC1}"
EndProject
Project("{FAE04EC0-301F-11D3-BF4B-00C04F79EFBC}") = "WJLThoughs.Updater", "WJLThoughs.Updater\WJLThoughs.Updater.csproj", "{AA9BD5DA-EB93-4D00-871A-50C8F67AE8B0}"
EndProject
Global
	GlobalSection(SolutionConfigurationPlatforms) = preSolution
		Debug|Any CPU = Debug|Any CPU
		Release|Any CPU = Release|Any CPU
	EndGlobalSection
	GlobalSection(ProjectConfigurationPlatforms) = postSolution
		{83F00633-8143-453A-A574-DB1B12D3F9A7}.Debug|Any CPU.ActiveCfg = Debug|Any CPU
		{83F00633-8143-453A-A574-DB1B12D3F9A7}.Debug|Any CPU.Build.0 = Debug|Any CPU
		{83F00633-8143-453A-A574-DB1B12D3F9A7}.Release|Any CPU.ActiveCfg = Release|Any CPU
		{83F00633-8143-453A-A574-DB1B12D3F9A7}.Release|Any CPU.Build.0 = Release|Any CPU
		{B07E10F3-5D2E-4730-9FD8-D9E91CEEDCB4}.Debug|Any CPU.ActiveCfg = Debug|Any CPU
		{B07E10F3-5D2E-4730-9FD8-D9E91CEEDCB4}.Debug|Any CPU.Build.0 = Debug|Any CPU
		{B07E10F3-5D2E-4730-9FD8-D9E91CEEDCB4}.Release|Any CPU.ActiveCfg = Release|Any CPU
		{B07E10F3-5D2E-4730-9FD8-D9E91CEEDCB4}.Release|Any CPU.Build.0 = Release|Any CPU
		{148F3943-E97C-41DD-9E31-572CBEED907A}.Debug|Any CPU.ActiveCfg = Debug|Any CPU
		{148F3943-E97C-41DD-9E31-572CBEED907A}.Debug|Any CPU.Build.0 = Debug|Any CPU
		{148F3943-E97C-41DD-9E31-572CBEED907A}.Release|Any CPU.ActiveCfg = Release|Any CPU
		{148F3943-E97C-41DD-9E31-572CBEED907A}.Release|Any CPU.Build.0 = Release|Any CPU
		{1FED8C43-F373-47DB-8CC4-358B5D661D0C}.Debug|Any CPU.ActiveCfg = Debug|Any CPU
		{1FED8C43-F373-47DB-8CC4-358B5D661D0C}.Debug|Any CPU.Build.0 = Debug|Any CPU
		{1FED8C43-F373-47DB-8CC4-358B5D661D0C}.Release|Any CPU.ActiveCfg = Release|Any CPU
		{1FED8C43-F373-47DB-8CC4-358B5D661D0C}.Release|Any CPU.Build.0 = Release|Any CPU
		{3822B483-EAA0-487E-AD53-4E881BDDE711}.Debug|Any CPU.ActiveCfg = Debug|Any CPU
		{3822B483-EAA0-487E-AD53-4E881BDDE711}.Debug|Any CPU.Build.0 = Debug|Any CPU
		{3822B483-EAA0-487E-AD53-4E881BDDE711}.Release|Any CPU.ActiveCfg = Release|Any CPU
		{3822B483-EAA0-487E-AD53-4E881BDDE711}.Release|Any CPU.Build.0 = Release|Any CPU
		{241B6E55-6464-4746-905B-B9EA65B061B0}.Debug|Any CPU.ActiveCfg = Debug|Any CPU
		{241B6E55-6464-4746-905B-B9EA65B061B0}.Debug|Any CPU.Build.0 = Debug|Any CPU
		{241B6E55-6464-4746-905B-B9EA65B061B0}.Release|Any CPU.ActiveCfg = Release|Any CPU
		{241B6E55-6464-4746-905B-B9EA65B061B0}.Release|Any CPU.Build.0 = Release|Any CPU
		{85055E4E-2F65-420E-8B86-1DBE4DDF88CA}.Debug|Any CPU.ActiveCfg = Debug|Any CPU
		{85055E4E-2F65-420E-8B86-1DBE4DDF88CA}.Debug|Any CPU.Build.0 = Debug|Any CPU
		{85055E4E-2F65-420E-8B86-1DBE4DDF88CA}.Release|Any CPU.ActiveCfg = Release|Any CPU
		{85055E4E-2F65-420E-8B86-1DBE4DDF88CA}.Release|Any CPU.Build.0 = Release|Any CPU
		{413194BF-38A6-4165-A004-7808DC745AC1}.Debug|Any CPU.ActiveCfg = Debug|Any CPU
		{413194BF-38A6-4165-A004-7808DC745AC1}.Debug|Any CPU.Build.0 = Debug|Any CPU
		{413194BF-38A6-4165-A004-7808DC745AC1}.Release|Any CPU.ActiveCfg = Release|Any CPU
		{413194BF-38A6-4165-A004-7808DC745AC1}.Release|Any CPU.Build.0 = Release|Any CPU
		{AA9BD5DA-EB93-4D00-871A-50C8F67AE8B0}.Debug|Any CPU.ActiveCfg = Debug|Any CPU
		{AA9BD5DA-EB93-4D00-871A-50C8F67AE8B0}.Debug|Any CPU.Build.0 = Debug|Any CPU
		{AA9BD5DA-EB93-4D00-871A-50C8F67AE8B0}.Release|Any CPU.ActiveCfg = Release|Any CPU
		{AA9BD5DA-EB93-4D00-871A-50C8F67AE8B0}.Release|Any CPU.Build.0 = Release|Any CPU
	EndGlobalSection
	GlobalSection(SolutionProperties) = preSolution
		HideSolutionNode = FALSE
	EndGlobalSection
	GlobalSection(NestedProjects) = preSolution
		{3822B483-EAA0-487E-AD53-4E881BDDE711} = {FBDCB7B2-94DA-4708-A4C8-1A7B1A817B16}
		{241B6E55-6464-4746-905B-B9EA65B061B0} = {FBDCB7B2-94DA-4708-A4C8-1A7B1A817B16}
	EndGlobalSection
	GlobalSection(ExtensibilityGlobals) = postSolution
		SolutionGuid = {71FB6F05-6151-47F6-9CCD-7687AFAAD5F0}
	EndGlobalSection
EndGlobal
